
Microsoft Visual Studio Solution File, Format Version 12.00
# Visual Studio Version 17
VisualStudioVersion = 17.6.33723.286
MinimumVisualStudioVersion = 10.0.40219.1
Project("{FAE04EC0-301F-11D3-BF4B-00C04F79EFBC}") = "Heranca_Ativi", "Heranca_Ativi\Heranca_Ativi.csproj", "{A52EE59C-BE33-4107-AE7F-8A68250A8443}"
EndProject
Global
	GlobalSection(SolutionConfigurationPlatforms) = preSolution
		Debug|Any CPU = Debug|Any CPU
		Release|Any CPU = Release|Any CPU
	EndGlobalSection
	GlobalSection(ProjectConfigurationPlatforms) = postSolution
		{A52EE59C-BE33-4107-AE7F-8A68250A8443}.Debug|Any CPU.ActiveCfg = Debug|Any CPU
		{A52EE59C-BE33-4107-AE7F-8A68250A8443}.Debug|Any CPU.Build.0 = Debug|Any CPU
		{A52EE59C-BE33-4107-AE7F-8A68250A8443}.Release|Any CPU.ActiveCfg = Release|Any CPU
		{A52EE59C-BE33-4107-AE7F-8A68250A8443}.Release|Any CPU.Build.0 = Release|Any CPU
	EndGlobalSection
	GlobalSection(SolutionProperties) = preSolution
		HideSolutionNode = FALSE
	EndGlobalSection
	GlobalSection(ExtensibilityGlobals) = postSolution
		SolutionGuid = {5B373132-9F77-4283-A4AD-41A4AB52E510}
	EndGlobalSection
EndGlobal
